
Microsoft Visual Studio Solution File, Format Version 12.00
# Visual Studio Version 16
VisualStudioVersion = 16.0.33927.289
MinimumVisualStudioVersion = 10.0.40219.1
Project("{FAE04EC0-301F-11D3-BF4B-00C04F79EFBC}") = "Tyuiu.GofmanDV.Sprint6.Task0.V25.Lib", "Tyuiu.GofmanDV.Sprint6.Task0.V25.Lib\Tyuiu.GofmanDV.Sprint6.Task0.V25.Lib.csproj", "{8D128826-7761-4251-9C75-142A97850435}"
EndProject
Project("{2150E333-8FDC-42A3-9474-1A3956D46DE8}") = "Task0", "Task0", "{53A63BD4-B100-4DE5-9CCD-95AA79A7A8DF}"
EndProject
Project("{FAE04EC0-301F-11D3-BF4B-00C04F79EFBC}") = "Tyuiu.GofmanDV.Sprint6.Task0.V25.Test", "Tyuiu.GofmanDV.Sprint6.Task0.V25.Test\Tyuiu.GofmanDV.Sprint6.Task0.V25.Test.csproj", "{664C41A0-F7C7-458F-915D-367DE2DA5614}"
EndProject
Project("{FAE04EC0-301F-11D3-BF4B-00C04F79EFBC}") = "Tyuiu.GofmanDV.Sprint6.Task0.V25", "Tyuiu.GofmanDV.Sprint6.Task0.V25\Tyuiu.GofmanDV.Sprint6.Task0.V25.csproj", "{346AAFDF-312D-4477-A9AE-B1C6557D5199}"
EndProject
Project("{2150E333-8FDC-42A3-9474-1A3956D46DE8}") = "Task1", "Task1", "{376A2400-B8F7-4BB9-84FA-DB48EBB154FC}"
EndProject
Project("{FAE04EC0-301F-11D3-BF4B-00C04F79EFBC}") = "Tyuiu.GofmanDV.Sprint6.Task1.V29.Lib", "Tyuiu.GofmanDV.Sprint6.Task1.V29.Lib\Tyuiu.GofmanDV.Sprint6.Task1.V29.Lib.csproj", "{D2A7AC06-E4D4-4B6A-A2EF-CA14DDEEE0AB}"
EndProject
Project("{FAE04EC0-301F-11D3-BF4B-00C04F79EFBC}") = "Tyuiu.GofmanDV.Sprint6.Task1.V29.Test", "Tyuiu.GofmanDV.Sprint6.Task1.V29.Test\Tyuiu.GofmanDV.Sprint6.Task1.V29.Test.csproj", "{A46266F2-086B-41DB-B118-C22BD25D2F63}"
EndProject
Project("{FAE04EC0-301F-11D3-BF4B-00C04F79EFBC}") = "Tyuiu.GofmanDV.Sprint6.Task1.V29", "Tyuiu.GofmanDV.Sprint6.Task1.V29\Tyuiu.GofmanDV.Sprint6.Task1.V29.csproj", "{8953FEDA-D757-492C-BD81-063BE01EC6E7}"
EndProject
Project("{2150E333-8FDC-42A3-9474-1A3956D46DE8}") = "Task2", "Task2", "{BEBCEA3C-2C64-4FEB-844E-A63BB74D8B25}"
EndProject
Project("{FAE04EC0-301F-11D3-BF4B-00C04F79EFBC}") = "Tyuiu.GofmanDV.Sprint6.Task2.V6.Lib", "Tyuiu.GofmanDV.Sprint6.Task2.V6.Lib\Tyuiu.GofmanDV.Sprint6.Task2.V6.Lib.csproj", "{92749916-D91D-4783-88E8-67C962BB59D7}"
EndProject
Project("{FAE04EC0-301F-11D3-BF4B-00C04F79EFBC}") = "Tyuiu.GofmanDV.Sprint6.Task2.V6.Test", "Tyuiu.GofmanDV.Sprint6.Task2.V6.Test\Tyuiu.GofmanDV.Sprint6.Task2.V6.Test.csproj", "{4871DDF4-5EF9-439A-9DE5-912B84656FB4}"
EndProject
Project("{FAE04EC0-301F-11D3-BF4B-00C04F79EFBC}") = "Tyuiu.GofmanDV.Sprint6.Task2.V6", "Tyuiu.GofmanDV.Sprint6.Task2.V6\Tyuiu.GofmanDV.Sprint6.Task2.V6.csproj", "{323C8D93-0F3E-4747-8D04-B251BCB9257C}"
EndProject
Project("{2150E333-8FDC-42A3-9474-1A3956D46DE8}") = "Task3", "Task3", "{891650E6-3F60-4A67-8686-3FC3CF9333EA}"
EndProject
Project("{FAE04EC0-301F-11D3-BF4B-00C04F79EFBC}") = "Tyuiu.GofmanDV.Sprint6.Task3.V24.Lib", "Tyuiu.GofmanDV.Sprint6.Task3.V24.Lib\Tyuiu.GofmanDV.Sprint6.Task3.V24.Lib.csproj", "{B1B62302-CF11-4510-AD5F-40F7A580DAA8}"
EndProject
Project("{FAE04EC0-301F-11D3-BF4B-00C04F79EFBC}") = "Tyuiu.GofmanDV.Sprint6.Task3.V24.Test", "Tyuiu.GofmanDV.Sprint6.Task3.V24.Test\Tyuiu.GofmanDV.Sprint6.Task3.V24.Test.csproj", "{D5D10A1D-42D2-45D7-8B89-EA2F405EE775}"
EndProject
Project("{FAE04EC0-301F-11D3-BF4B-00C04F79EFBC}") = "Tyuiu.GofmanDV.Sprint6.Task3.V24", "Tyuiu.GofmanDV.Sprint6.Task3.V24\Tyuiu.GofmanDV.Sprint6.Task3.V24.csproj", "{8BE85220-CB1E-41D8-82C0-AA2376B6F6A3}"
EndProject
Project("{2150E333-8FDC-42A3-9474-1A3956D46DE8}") = "Task4", "Task4", "{A1DA6528-75E9-470F-A0EC-CC8D50E761AF}"
EndProject
Project("{FAE04EC0-301F-11D3-BF4B-00C04F79EFBC}") = "Tyuiu.GofmanDV.Sprint6.Task4.V20.Lib", "Tyuiu.GofmanDV.Sprint6.Task4.V20.Lib\Tyuiu.GofmanDV.Sprint6.Task4.V20.Lib.csproj", "{3D0F9DF1-718E-4478-9306-8573C383690C}"
EndProject
Project("{FAE04EC0-301F-11D3-BF4B-00C04F79EFBC}") = "Tyuiu.GofmanDV.Sprint6.Task4.V20.Test", "Tyuiu.GofmanDV.Sprint6.Task4.V20.Test\Tyuiu.GofmanDV.Sprint6.Task4.V20.Test.csproj", "{BA1033FB-3A6F-4C4F-AC6E-A6CB237D4D2E}"
EndProject
Project("{FAE04EC0-301F-11D3-BF4B-00C04F79EFBC}") = "Tyuiu.GofmanDV.Sprint6.Task4.V20", "Tyuiu.GofmanDV.Sprint6.Task4.V20\Tyuiu.GofmanDV.Sprint6.Task4.V20.csproj", "{E44EBCC7-06AA-42AF-850B-BDDBB6468206}"
EndProject
Project("{2150E333-8FDC-42A3-9474-1A3956D46DE8}") = "Task5", "Task5", "{DE0BB0E1-EAF8-4C63-882C-FAEEC2CB7473}"
EndProject
Project("{FAE04EC0-301F-11D3-BF4B-00C04F79EFBC}") = "Tyuiu.GofmanDV.Sprint6.Task5.V11.Lib", "Tyuiu.GofmanDV.Sprint6.Task5.V11.Lib\Tyuiu.GofmanDV.Sprint6.Task5.V11.Lib.csproj", "{8614977B-BF38-4C7C-B026-76981BEC3450}"
EndProject
Project("{FAE04EC0-301F-11D3-BF4B-00C04F79EFBC}") = "Tyuiu.GofmanDV.Sprint6.Task5.V11.Test", "Tyuiu.GofmanDV.Sprint6.Task5.V11.Test\Tyuiu.GofmanDV.Sprint6.Task5.V11.Test.csproj", "{3ADDE74C-8D82-46BD-90A4-94D1BE640D24}"
EndProject
Project("{FAE04EC0-301F-11D3-BF4B-00C04F79EFBC}") = "Tyuiu.GofmanDV.Sprint6.Task5.V11", "Tyuiu.GofmanDV.Sprint6.Task5.V11\Tyuiu.GofmanDV.Sprint6.Task5.V11.csproj", "{1CB8F5D0-99FB-425D-809E-301A03964942}"
EndProject
Global
	GlobalSection(SolutionConfigurationPlatforms) = preSolution
		Debug|Any CPU = Debug|Any CPU
		Release|Any CPU = Release|Any CPU
	EndGlobalSection
	GlobalSection(ProjectConfigurationPlatforms) = postSolution
		{8D128826-7761-4251-9C75-142A97850435}.Debug|Any CPU.ActiveCfg = Debug|Any CPU
		{8D128826-7761-4251-9C75-142A97850435}.Debug|Any CPU.Build.0 = Debug|Any CPU
		{8D128826-7761-4251-9C75-142A97850435}.Release|Any CPU.ActiveCfg = Release|Any CPU
		{8D128826-7761-4251-9C75-142A97850435}.Release|Any CPU.Build.0 = Release|Any CPU
		{664C41A0-F7C7-458F-915D-367DE2DA5614}.Debug|Any CPU.ActiveCfg = Debug|Any CPU
		{664C41A0-F7C7-458F-915D-367DE2DA5614}.Debug|Any CPU.Build.0 = Debug|Any CPU
		{664C41A0-F7C7-458F-915D-367DE2DA5614}.Release|Any CPU.ActiveCfg = Release|Any CPU
		{664C41A0-F7C7-458F-915D-367DE2DA5614}.Release|Any CPU.Build.0 = Release|Any CPU
		{346AAFDF-312D-4477-A9AE-B1C6557D5199}.Debug|Any CPU.ActiveCfg = Debug|Any CPU
		{346AAFDF-312D-4477-A9AE-B1C6557D5199}.Debug|Any CPU.Build.0 = Debug|Any CPU
		{346AAFDF-312D-4477-A9AE-B1C6557D5199}.Release|Any CPU.ActiveCfg = Release|Any CPU
		{346AAFDF-312D-4477-A9AE-B1C6557D5199}.Release|Any CPU.Build.0 = Release|Any CPU
		{D2A7AC06-E4D4-4B6A-A2EF-CA14DDEEE0AB}.Debug|Any CPU.ActiveCfg = Debug|Any CPU
		{D2A7AC06-E4D4-4B6A-A2EF-CA14DDEEE0AB}.Debug|Any CPU.Build.0 = Debug|Any CPU
		{D2A7AC06-E4D4-4B6A-A2EF-CA14DDEEE0AB}.Release|Any CPU.ActiveCfg = Release|Any CPU
		{D2A7AC06-E4D4-4B6A-A2EF-CA14DDEEE0AB}.Release|Any CPU.Build.0 = Release|Any CPU
		{A46266F2-086B-41DB-B118-C22BD25D2F63}.Debug|Any CPU.ActiveCfg = Debug|Any CPU
		{A46266F2-086B-41DB-B118-C22BD25D2F63}.Debug|Any CPU.Build.0 = Debug|Any CPU
		{A46266F2-086B-41DB-B118-C22BD25D2F63}.Release|Any CPU.ActiveCfg = Release|Any CPU
		{A46266F2-086B-41DB-B118-C22BD25D2F63}.Release|Any CPU.Build.0 = Release|Any CPU
		{8953FEDA-D757-492C-BD81-063BE01EC6E7}.Debug|Any CPU.ActiveCfg = Debug|Any CPU
		{8953FEDA-D757-492C-BD81-063BE01EC6E7}.Debug|Any CPU.Build.0 = Debug|Any CPU
		{8953FEDA-D757-492C-BD81-063BE01EC6E7}.Release|Any CPU.ActiveCfg = Release|Any CPU
		{8953FEDA-D757-492C-BD81-063BE01EC6E7}.Release|Any CPU.Build.0 = Release|Any CPU
		{92749916-D91D-4783-88E8-67C962BB59D7}.Debug|Any CPU.ActiveCfg = Debug|Any CPU
		{92749916-D91D-4783-88E8-67C962BB59D7}.Debug|Any CPU.Build.0 = Debug|Any CPU
		{92749916-D91D-4783-88E8-67C962BB59D7}.Release|Any CPU.ActiveCfg = Release|Any CPU
		{92749916-D91D-4783-88E8-67C962BB59D7}.Release|Any CPU.Build.0 = Release|Any CPU
		{4871DDF4-5EF9-439A-9DE5-912B84656FB4}.Debug|Any CPU.ActiveCfg = Debug|Any CPU
		{4871DDF4-5EF9-439A-9DE5-912B84656FB4}.Debug|Any CPU.Build.0 = Debug|Any CPU
		{4871DDF4-5EF9-439A-9DE5-912B84656FB4}.Release|Any CPU.ActiveCfg = Release|Any CPU
		{4871DDF4-5EF9-439A-9DE5-912B84656FB4}.Release|Any CPU.Build.0 = Release|Any CPU
		{323C8D93-0F3E-4747-8D04-B251BCB9257C}.Debug|Any CPU.ActiveCfg = Debug|Any CPU
		{323C8D93-0F3E-4747-8D04-B251BCB9257C}.Debug|Any CPU.Build.0 = Debug|Any CPU
		{323C8D93-0F3E-4747-8D04-B251BCB9257C}.Release|Any CPU.ActiveCfg = Release|Any CPU
		{323C8D93-0F3E-4747-8D04-B251BCB9257C}.Release|Any CPU.Build.0 = Release|Any CPU
		{B1B62302-CF11-4510-AD5F-40F7A580DAA8}.Debug|Any CPU.ActiveCfg = Debug|Any CPU
		{B1B62302-CF11-4510-AD5F-40F7A580DAA8}.Debug|Any CPU.Build.0 = Debug|Any CPU
		{B1B62302-CF11-4510-AD5F-40F7A580DAA8}.Release|Any CPU.ActiveCfg = Release|Any CPU
		{B1B62302-CF11-4510-AD5F-40F7A580DAA8}.Release|Any CPU.Build.0 = Release|Any CPU
		{D5D10A1D-42D2-45D7-8B89-EA2F405EE775}.Debug|Any CPU.ActiveCfg = Debug|Any CPU
		{D5D10A1D-42D2-45D7-8B89-EA2F405EE775}.Debug|Any CPU.Build.0 = Debug|Any CPU
		{D5D10A1D-42D2-45D7-8B89-EA2F405EE775}.Release|Any CPU.ActiveCfg = Release|Any CPU
		{D5D10A1D-42D2-45D7-8B89-EA2F405EE775}.Release|Any CPU.Build.0 = Release|Any CPU
		{8BE85220-CB1E-41D8-82C0-AA2376B6F6A3}.Debug|Any CPU.ActiveCfg = Debug|Any CPU
		{8BE85220-CB1E-41D8-82C0-AA2376B6F6A3}.Debug|Any CPU.Build.0 = Debug|Any CPU
		{8BE85220-CB1E-41D8-82C0-AA2376B6F6A3}.Release|Any CPU.ActiveCfg = Release|Any CPU
		{8BE85220-CB1E-41D8-82C0-AA2376B6F6A3}.Release|Any CPU.Build.0 = Release|Any CPU
		{3D0F9DF1-718E-4478-9306-8573C383690C}.Debug|Any CPU.ActiveCfg = Debug|Any CPU
		{3D0F9DF1-718E-4478-9306-8573C383690C}.Debug|Any CPU.Build.0 = Debug|Any CPU
		{3D0F9DF1-718E-4478-9306-8573C383690C}.Release|Any CPU.ActiveCfg = Release|Any CPU
		{3D0F9DF1-718E-4478-9306-8573C383690C}.Release|Any CPU.Build.0 = Release|Any CPU
		{BA1033FB-3A6F-4C4F-AC6E-A6CB237D4D2E}.Debug|Any CPU.ActiveCfg = Debug|Any CPU
		{BA1033FB-3A6F-4C4F-AC6E-A6CB237D4D2E}.Debug|Any CPU.Build.0 = Debug|Any CPU
		{BA1033FB-3A6F-4C4F-AC6E-A6CB237D4D2E}.Release|Any CPU.ActiveCfg = Release|Any CPU
		{BA1033FB-3A6F-4C4F-AC6E-A6CB237D4D2E}.Release|Any CPU.Build.0 = Release|Any CPU
		{E44EBCC7-06AA-42AF-850B-BDDBB6468206}.Debug|Any CPU.ActiveCfg = Debug|Any CPU
		{E44EBCC7-06AA-42AF-850B-BDDBB6468206}.Debug|Any CPU.Build.0 = Debug|Any CPU
		{E44EBCC7-06AA-42AF-850B-BDDBB6468206}.Release|Any CPU.ActiveCfg = Release|Any CPU
		{E44EBCC7-06AA-42AF-850B-BDDBB6468206}.Release|Any CPU.Build.0 = Release|Any CPU
		{8614977B-BF38-4C7C-B026-76981BEC3450}.Debug|Any CPU.ActiveCfg = Debug|Any CPU
		{8614977B-BF38-4C7C-B026-76981BEC3450}.Debug|Any CPU.Build.0 = Debug|Any CPU
		{8614977B-BF38-4C7C-B026-76981BEC3450}.Release|Any CPU.ActiveCfg = Release|Any CPU
		{8614977B-BF38-4C7C-B026-76981BEC3450}.Release|Any CPU.Build.0 = Release|Any CPU
		{3ADDE74C-8D82-46BD-90A4-94D1BE640D24}.Debug|Any CPU.ActiveCfg = Debug|Any CPU
		{3ADDE74C-8D82-46BD-90A4-94D1BE640D24}.Debug|Any CPU.Build.0 = Debug|Any CPU
		{3ADDE74C-8D82-46BD-90A4-94D1BE640D24}.Release|Any CPU.ActiveCfg = Release|Any CPU
		{3ADDE74C-8D82-46BD-90A4-94D1BE640D24}.Release|Any CPU.Build.0 = Release|Any CPU
		{1CB8F5D0-99FB-425D-809E-301A03964942}.Debug|Any CPU.ActiveCfg = Debug|Any CPU
		{1CB8F5D0-99FB-425D-809E-301A03964942}.Debug|Any CPU.Build.0 = Debug|Any CPU
		{1CB8F5D0-99FB-425D-809E-301A03964942}.Release|Any CPU.ActiveCfg = Release|Any CPU
		{1CB8F5D0-99FB-425D-809E-301A03964942}.Release|Any CPU.Build.0 = Release|Any CPU
	EndGlobalSection
	GlobalSection(SolutionProperties) = preSolution
		HideSolutionNode = FALSE
	EndGlobalSection
	GlobalSection(NestedProjects) = preSolution
		{8D128826-7761-4251-9C75-142A97850435} = {53A63BD4-B100-4DE5-9CCD-95AA79A7A8DF}
		{664C41A0-F7C7-458F-915D-367DE2DA5614} = {53A63BD4-B100-4DE5-9CCD-95AA79A7A8DF}
		{346AAFDF-312D-4477-A9AE-B1C6557D5199} = {53A63BD4-B100-4DE5-9CCD-95AA79A7A8DF}
		{D2A7AC06-E4D4-4B6A-A2EF-CA14DDEEE0AB} = {376A2400-B8F7-4BB9-84FA-DB48EBB154FC}
		{A46266F2-086B-41DB-B118-C22BD25D2F63} = {376A2400-B8F7-4BB9-84FA-DB48EBB154FC}
		{8953FEDA-D757-492C-BD81-063BE01EC6E7} = {376A2400-B8F7-4BB9-84FA-DB48EBB154FC}
		{92749916-D91D-4783-88E8-67C962BB59D7} = {BEBCEA3C-2C64-4FEB-844E-A63BB74D8B25}
		{4871DDF4-5EF9-439A-9DE5-912B84656FB4} = {BEBCEA3C-2C64-4FEB-844E-A63BB74D8B25}
		{323C8D93-0F3E-4747-8D04-B251BCB9257C} = {BEBCEA3C-2C64-4FEB-844E-A63BB74D8B25}
		{B1B62302-CF11-4510-AD5F-40F7A580DAA8} = {891650E6-3F60-4A67-8686-3FC3CF9333EA}
		{D5D10A1D-42D2-45D7-8B89-EA2F405EE775} = {891650E6-3F60-4A67-8686-3FC3CF9333EA}
		{8BE85220-CB1E-41D8-82C0-AA2376B6F6A3} = {891650E6-3F60-4A67-8686-3FC3CF9333EA}
		{3D0F9DF1-718E-4478-9306-8573C383690C} = {A1DA6528-75E9-470F-A0EC-CC8D50E761AF}
		{BA1033FB-3A6F-4C4F-AC6E-A6CB237D4D2E} = {A1DA6528-75E9-470F-A0EC-CC8D50E761AF}
		{E44EBCC7-06AA-42AF-850B-BDDBB6468206} = {A1DA6528-75E9-470F-A0EC-CC8D50E761AF}
		{8614977B-BF38-4C7C-B026-76981BEC3450} = {DE0BB0E1-EAF8-4C63-882C-FAEEC2CB7473}
		{3ADDE74C-8D82-46BD-90A4-94D1BE640D24} = {DE0BB0E1-EAF8-4C63-882C-FAEEC2CB7473}
		{1CB8F5D0-99FB-425D-809E-301A03964942} = {DE0BB0E1-EAF8-4C63-882C-FAEEC2CB7473}
	EndGlobalSection
	GlobalSection(ExtensibilityGlobals) = postSolution
		SolutionGuid = {365E0032-E6EF-43B5-BC27-E91203816C0B}
	EndGlobalSection
EndGlobal
