
Microsoft Visual Studio Solution File, Format Version 12.00
# Visual Studio Version 16
VisualStudioVersion = 16.0.33927.289
MinimumVisualStudioVersion = 10.0.40219.1
Project("{FAE04EC0-301F-11D3-BF4B-00C04F79EFBC}") = "Tyuiu.GofmanDV.Sprint6.Task0.V25.Lib", "Tyuiu.GofmanDV.Sprint6.Task0.V25.Lib\Tyuiu.GofmanDV.Sprint6.Task0.V25.Lib.csproj", "{8D128826-7761-4251-9C75-142A97850435}"
EndProject
Project("{2150E333-8FDC-42A3-9474-1A3956D46DE8}") = "Task0", "Task0", "{53A63BD4-B100-4DE5-9CCD-95AA79A7A8DF}"
EndProject
Project("{FAE04EC0-301F-11D3-BF4B-00C04F79EFBC}") = "Tyuiu.GofmanDV.Sprint6.Task0.V25.Test", "Tyuiu.GofmanDV.Sprint6.Task0.V25.Test\Tyuiu.GofmanDV.Sprint6.Task0.V25.Test.csproj", "{664C41A0-F7C7-458F-915D-367DE2DA5614}"
EndProject
Project("{FAE04EC0-301F-11D3-BF4B-00C04F79EFBC}") = "Tyuiu.GofmanDV.Sprint6.Task0.V25", "Tyuiu.GofmanDV.Sprint6.Task0.V25\Tyuiu.GofmanDV.Sprint6.Task0.V25.csproj", "{346AAFDF-312D-4477-A9AE-B1C6557D5199}"
EndProject
Global
	GlobalSection(SolutionConfigurationPlatforms) = preSolution
		Debug|Any CPU = Debug|Any CPU
		Release|Any CPU = Release|Any CPU
	EndGlobalSection
	GlobalSection(ProjectConfigurationPlatforms) = postSolution
		{8D128826-7761-4251-9C75-142A97850435}.Debug|Any CPU.ActiveCfg = Debug|Any CPU
		{8D128826-7761-4251-9C75-142A97850435}.Debug|Any CPU.Build.0 = Debug|Any CPU
		{8D128826-7761-4251-9C75-142A97850435}.Release|Any CPU.ActiveCfg = Release|Any CPU
		{8D128826-7761-4251-9C75-142A97850435}.Release|Any CPU.Build.0 = Release|Any CPU
		{664C41A0-F7C7-458F-915D-367DE2DA5614}.Debug|Any CPU.ActiveCfg = Debug|Any CPU
		{664C41A0-F7C7-458F-915D-367DE2DA5614}.Debug|Any CPU.Build.0 = Debug|Any CPU
		{664C41A0-F7C7-458F-915D-367DE2DA5614}.Release|Any CPU.ActiveCfg = Release|Any CPU
		{664C41A0-F7C7-458F-915D-367DE2DA5614}.Release|Any CPU.Build.0 = Release|Any CPU
		{346AAFDF-312D-4477-A9AE-B1C6557D5199}.Debug|Any CPU.ActiveCfg = Debug|Any CPU
		{346AAFDF-312D-4477-A9AE-B1C6557D5199}.Debug|Any CPU.Build.0 = Debug|Any CPU
		{346AAFDF-312D-4477-A9AE-B1C6557D5199}.Release|Any CPU.ActiveCfg = Release|Any CPU
		{346AAFDF-312D-4477-A9AE-B1C6557D5199}.Release|Any CPU.Build.0 = Release|Any CPU
	EndGlobalSection
	GlobalSection(SolutionProperties) = preSolution
		HideSolutionNode = FALSE
	EndGlobalSection
	GlobalSection(NestedProjects) = preSolution
		{8D128826-7761-4251-9C75-142A97850435} = {53A63BD4-B100-4DE5-9CCD-95AA79A7A8DF}
		{664C41A0-F7C7-458F-915D-367DE2DA5614} = {53A63BD4-B100-4DE5-9CCD-95AA79A7A8DF}
		{346AAFDF-312D-4477-A9AE-B1C6557D5199} = {53A63BD4-B100-4DE5-9CCD-95AA79A7A8DF}
	EndGlobalSection
	GlobalSection(ExtensibilityGlobals) = postSolution
		SolutionGuid = {365E0032-E6EF-43B5-BC27-E91203816C0B}
	EndGlobalSection
EndGlobal
